
Microsoft Visual Studio Solution File, Format Version 12.00
# Visual Studio Version 17
VisualStudioVersion = 17.6.33723.286
MinimumVisualStudioVersion = 10.0.40219.1
Project("{9A19103F-16F7-4668-BE54-9A1E7A4F7556}") = "Sprint_0_BL", "Sprint_0_BL.csproj", "{2114CD89-DB53-4AA2-BCD1-5E99FDAA0C82}"
EndProject
Global
	GlobalSection(SolutionConfigurationPlatforms) = preSolution
		Debug|Any CPU = Debug|Any CPU
		Release|Any CPU = Release|Any CPU
	EndGlobalSection
	GlobalSection(ProjectConfigurationPlatforms) = postSolution
		{2114CD89-DB53-4AA2-BCD1-5E99FDAA0C82}.Debug|Any CPU.ActiveCfg = Debug|Any CPU
		{2114CD89-DB53-4AA2-BCD1-5E99FDAA0C82}.Debug|Any CPU.Build.0 = Debug|Any CPU
		{2114CD89-DB53-4AA2-BCD1-5E99FDAA0C82}.Release|Any CPU.ActiveCfg = Release|Any CPU
		{2114CD89-DB53-4AA2-BCD1-5E99FDAA0C82}.Release|Any CPU.Build.0 = Release|Any CPU
	EndGlobalSection
	GlobalSection(SolutionProperties) = preSolution
		HideSolutionNode = FALSE
	EndGlobalSection
	GlobalSection(ExtensibilityGlobals) = postSolution
		SolutionGuid = {792F6FF9-0496-4C69-90AB-B96A5FAB048B}
	EndGlobalSection
EndGlobal
